
Microsoft Visual Studio Solution File, Format Version 12.00
# Visual Studio 15
Project("{FAE04EC0-301F-11D3-BF4B-00C04F79EFBC}") = "PM", "PM.csproj", "{316970BA-3D2F-719F-C051-3C70129ADCD2}"
EndProject
Global
	GlobalSection(SolutionConfigurationPlatforms) = preSolution
		Debug|Any CPU = Debug|Any CPU
		Release|Any CPU = Release|Any CPU
	EndGlobalSection
	GlobalSection(ProjectConfigurationPlatforms) = postSolution
		{316970BA-3D2F-719F-C051-3C70129ADCD2}.Debug|Any CPU.ActiveCfg = Debug|Any CPU
		{316970BA-3D2F-719F-C051-3C70129ADCD2}.Debug|Any CPU.Build.0 = Debug|Any CPU
		{316970BA-3D2F-719F-C051-3C70129ADCD2}.Release|Any CPU.ActiveCfg = Release|Any CPU
		{316970BA-3D2F-719F-C051-3C70129ADCD2}.Release|Any CPU.Build.0 = Release|Any CPU
	EndGlobalSection
	GlobalSection(SolutionProperties) = preSolution
		HideSolutionNode = FALSE
	EndGlobalSection
EndGlobal
